github.com/carlmjohnson/requests v0.24.3 h1:LYcM/jVIVPkioigMjEAnBACXl2vb42TVqiC8EYNoaXQ=
github.com/carlmjohnson/requests v0.24.3/go.mod h1:duYA/jDnyZ6f3xbcF5PpZ9N8clgopubP2nK5i6MVMhU=
github.com/urfave/cli/v3 v3.3.2 h1:BYFVnhhZ8RqT38DxEYVFPPmGFTEf7tJwySTXsVRrS/o=
github.com/urfave/cli/v3 v3.3.2/go.mod h1:FJSKtM/9AiiTOJL4fJ6TbMUkxBXn7GO9guZqoZtpYpo=
golang.org/x/net v0.27.0 h1:5K3Njcw06/l2y9vpGCSdcxWOYHOUk3dVNGDXN+FvAys=
golang.org/x/net v0.27.0/go.mod h1:dDi0PyhWNoiUOrAS8uXv/vnScO4wnHQO4mj9fn/RytE=
